
Microsoft Visual Studio Solution File, Format Version 12.00
# Visual Studio Version 16
VisualStudioVersion = 16.0.32228.343
MinimumVisualStudioVersion = 10.0.40219.1
Project("{9A19103F-16F7-4668-BE54-9A1E7A4F7556}") = "Poker", "Poker.csproj", "{3753ED2D-8F4E-4B67-91FC-6C6222575231}"
EndProject
Project("{FAE04EC0-301F-11D3-BF4B-00C04F79EFBC}") = "PokerTests", "..\PokerTests\PokerTests.csproj", "{B81E67EE-0CCB-4C11-BDC4-6BE6FBFF4162}"
EndProject
Global
	GlobalSection(SolutionConfigurationPlatforms) = preSolution
		Debug|Any CPU = Debug|Any CPU
		Release|Any CPU = Release|Any CPU
	EndGlobalSection
	GlobalSection(ProjectConfigurationPlatforms) = postSolution
		{3753ED2D-8F4E-4B67-91FC-6C6222575231}.Debug|Any CPU.ActiveCfg = Debug|Any CPU
		{3753ED2D-8F4E-4B67-91FC-6C6222575231}.Debug|Any CPU.Build.0 = Debug|Any CPU
		{3753ED2D-8F4E-4B67-91FC-6C6222575231}.Release|Any CPU.ActiveCfg = Release|Any CPU
		{3753ED2D-8F4E-4B67-91FC-6C6222575231}.Release|Any CPU.Build.0 = Release|Any CPU
		{B81E67EE-0CCB-4C11-BDC4-6BE6FBFF4162}.Debug|Any CPU.ActiveCfg = Debug|Any CPU
		{B81E67EE-0CCB-4C11-BDC4-6BE6FBFF4162}.Debug|Any CPU.Build.0 = Debug|Any CPU
		{B81E67EE-0CCB-4C11-BDC4-6BE6FBFF4162}.Release|Any CPU.ActiveCfg = Release|Any CPU
		{B81E67EE-0CCB-4C11-BDC4-6BE6FBFF4162}.Release|Any CPU.Build.0 = Release|Any CPU
	EndGlobalSection
	GlobalSection(SolutionProperties) = preSolution
		HideSolutionNode = FALSE
	EndGlobalSection
	GlobalSection(ExtensibilityGlobals) = postSolution
		SolutionGuid = {1456B6E1-7225-4ECB-9BDA-72713EE25455}
	EndGlobalSection
EndGlobal
